// !$*UTF8*$!
{
	archiveVersion = 1;
	classes = {
	};
	objectVersion = 56;
	objects = {

/* Begin PBXBuildFile section */
		8F1D68042C95D5BF0022DE36 /* DataController.swift in Sources */ = {isa = PBXBuildFile; fileRef = 8F1D68032C95D5BF0022DE36 /* DataController.swift */; };
		8F1D68072C95D7690022DE36 /* Model.xcdatamodeld in Sources */ = {isa = PBXBuildFile; fileRef = 8F1D68052C95D7690022DE36 /* Model.xcdatamodeld */; };
		8F1D68092C95E3FA0022DE36 /* TrackerStore.swift in Sources */ = {isa = PBXBuildFile; fileRef = 8F1D68082C95E3FA0022DE36 /* TrackerStore.swift */; };
		8F1D680B2C9621F40022DE36 /* Set+Extensions.swift in Sources */ = {isa = PBXBuildFile; fileRef = 8F1D680A2C9621F40022DE36 /* Set+Extensions.swift */; };
		8F1D680D2C9752B10022DE36 /* TrackerCategoryStore.swift in Sources */ = {isa = PBXBuildFile; fileRef = 8F1D680C2C9752B10022DE36 /* TrackerCategoryStore.swift */; };
		8F1D680F2C9758620022DE36 /* TrackerRecordStore.swift in Sources */ = {isa = PBXBuildFile; fileRef = 8F1D680E2C9758620022DE36 /* TrackerRecordStore.swift */; };
		8F57F35C2C65D94300C2A926 /* TrackersViewController.swift in Sources */ = {isa = PBXBuildFile; fileRef = 8F57F35B2C65D94300C2A926 /* TrackersViewController.swift */; };
		8F57F35E2C65D99000C2A926 /* StatisticsViewController.swift in Sources */ = {isa = PBXBuildFile; fileRef = 8F57F35D2C65D99000C2A926 /* StatisticsViewController.swift */; };
		8F57F3602C65D9B000C2A926 /* TabBarController.swift in Sources */ = {isa = PBXBuildFile; fileRef = 8F57F35F2C65D9B000C2A926 /* TabBarController.swift */; };
		8F5CD44F2C648277003933B1 /* AppDelegate.swift in Sources */ = {isa = PBXBuildFile; fileRef = 8F5CD44E2C648277003933B1 /* AppDelegate.swift */; };
		8F5CD4512C648277003933B1 /* SceneDelegate.swift in Sources */ = {isa = PBXBuildFile; fileRef = 8F5CD4502C648277003933B1 /* SceneDelegate.swift */; };
		8F5CD4582C648279003933B1 /* Assets.xcassets in Resources */ = {isa = PBXBuildFile; fileRef = 8F5CD4572C648279003933B1 /* Assets.xcassets */; };
		8F5CD45B2C648279003933B1 /* LaunchScreen.storyboard in Resources */ = {isa = PBXBuildFile; fileRef = 8F5CD4592C648279003933B1 /* LaunchScreen.storyboard */; };
		8F864B162C9003940053D953 /* SelectableCell.swift in Sources */ = {isa = PBXBuildFile; fileRef = 8F864B152C9003940053D953 /* SelectableCell.swift */; };
		8F864B182C900D3C0053D953 /* UIColor+Extensions.swift in Sources */ = {isa = PBXBuildFile; fileRef = 8F864B172C900D3C0053D953 /* UIColor+Extensions.swift */; };
		8F864B1A2C9014DF0053D953 /* EmojiCell.swift in Sources */ = {isa = PBXBuildFile; fileRef = 8F864B192C9014DF0053D953 /* EmojiCell.swift */; };
		8F864B1C2C9015070053D953 /* ColorCell.swift in Sources */ = {isa = PBXBuildFile; fileRef = 8F864B1B2C9015070053D953 /* ColorCell.swift */; };
		8FA387932C745F310044EC39 /* TrackerCell.swift in Sources */ = {isa = PBXBuildFile; fileRef = 8FA387922C745F310044EC39 /* TrackerCell.swift */; };
		8FA387952C745FF00044EC39 /* SectionHeader.swift in Sources */ = {isa = PBXBuildFile; fileRef = 8FA387942C745FF00044EC39 /* SectionHeader.swift */; };
		8FA387982C7D996B0044EC39 /* TrackerTypeViewController.swift in Sources */ = {isa = PBXBuildFile; fileRef = 8FA387972C7D996B0044EC39 /* TrackerTypeViewController.swift */; };
		8FA3879A2C7DA7EC0044EC39 /* AddTrackerFlowViewController.swift in Sources */ = {isa = PBXBuildFile; fileRef = 8FA387992C7DA7EC0044EC39 /* AddTrackerFlowViewController.swift */; };
		8FA3879C2C7E52CF0044EC39 /* NewTrackerViewController.swift in Sources */ = {isa = PBXBuildFile; fileRef = 8FA3879B2C7E52CF0044EC39 /* NewTrackerViewController.swift */; };
		8FA3879E2C84723B0044EC39 /* ScheduleViewController.swift in Sources */ = {isa = PBXBuildFile; fileRef = 8FA3879D2C84723B0044EC39 /* ScheduleViewController.swift */; };
		8FA387A02C84A3AB0044EC39 /* BaseTableView.swift in Sources */ = {isa = PBXBuildFile; fileRef = 8FA3879F2C84A3AB0044EC39 /* BaseTableView.swift */; };
		8FA387A32C84B7140044EC39 /* ScheduleCell.swift in Sources */ = {isa = PBXBuildFile; fileRef = 8FA387A22C84B7140044EC39 /* ScheduleCell.swift */; };
		8FA387A82C86CBC20044EC39 /* ActionButton.swift in Sources */ = {isa = PBXBuildFile; fileRef = 8FA387A72C86CBC20044EC39 /* ActionButton.swift */; };
		8FA387AA2C86DF560044EC39 /* TextCell.swift in Sources */ = {isa = PBXBuildFile; fileRef = 8FA387A92C86DF560044EC39 /* TextCell.swift */; };
		8FA387AC2C86DFE40044EC39 /* LinkCell.swift in Sources */ = {isa = PBXBuildFile; fileRef = 8FA387AB2C86DFE40044EC39 /* LinkCell.swift */; };
		8FD031A72C70DE0500D3AD11 /* Tracker.swift in Sources */ = {isa = PBXBuildFile; fileRef = 8FD031A62C70DE0500D3AD11 /* Tracker.swift */; };
		8FD031A92C70E78400D3AD11 /* TrackerCategory.swift in Sources */ = {isa = PBXBuildFile; fileRef = 8FD031A82C70E78400D3AD11 /* TrackerCategory.swift */; };
		8FD031AB2C70E85600D3AD11 /* TrackerRecord.swift in Sources */ = {isa = PBXBuildFile; fileRef = 8FD031AA2C70E85600D3AD11 /* TrackerRecord.swift */; };
		8FD031AE2C70E8BB00D3AD11 /* Weekday.swift in Sources */ = {isa = PBXBuildFile; fileRef = 8FD031AD2C70E8BB00D3AD11 /* Weekday.swift */; };
		8FE1641D2C69E09B00C1BFD3 /* TrackersStubView.swift in Sources */ = {isa = PBXBuildFile; fileRef = 8FE1641C2C69E09B00C1BFD3 /* TrackersStubView.swift */; };
		8FE51C602C9EC8E60023965E /* CategoriesViewController.swift in Sources */ = {isa = PBXBuildFile; fileRef = 8FE51C5F2C9EC8E60023965E /* CategoriesViewController.swift */; };
		8FE51C622C9EC98A0023965E /* CategoriesViewModel.swift in Sources */ = {isa = PBXBuildFile; fileRef = 8FE51C612C9EC98A0023965E /* CategoriesViewModel.swift */; };
		8FE51C642C9ED9FF0023965E /* CategoryCell.swift in Sources */ = {isa = PBXBuildFile; fileRef = 8FE51C632C9ED9FF0023965E /* CategoryCell.swift */; };
		8FE51C662C9F059B0023965E /* NewCategoryViewController.swift in Sources */ = {isa = PBXBuildFile; fileRef = 8FE51C652C9F059B0023965E /* NewCategoryViewController.swift */; };
		8FE5CD922C8C3675004CCEF7 /* TrackerCellDelegate.swift in Sources */ = {isa = PBXBuildFile; fileRef = 8FE5CD912C8C3675004CCEF7 /* TrackerCellDelegate.swift */; };
		8FE5CD942C8C45B1004CCEF7 /* GeometricParams.swift in Sources */ = {isa = PBXBuildFile; fileRef = 8FE5CD932C8C45B1004CCEF7 /* GeometricParams.swift */; };
		8FE5CD962C8C9CB6004CCEF7 /* Date+Extensions.swift in Sources */ = {isa = PBXBuildFile; fileRef = 8FE5CD952C8C9CB6004CCEF7 /* Date+Extensions.swift */; };
		8FF6A4432C9DAB8C00CA8CA8 /* OnboardingPage.swift in Sources */ = {isa = PBXBuildFile; fileRef = 8FF6A4422C9DAB8C00CA8CA8 /* OnboardingPage.swift */; };
		8FF6A4452C9DCDE200CA8CA8 /* OnboardingViewController.swift in Sources */ = {isa = PBXBuildFile; fileRef = 8FF6A4442C9DCDE200CA8CA8 /* OnboardingViewController.swift */; };
		8FF6A4492C9E122600CA8CA8 /* UserDefaults+Extensions.swift in Sources */ = {isa = PBXBuildFile; fileRef = 8FF6A4482C9E122600CA8CA8 /* UserDefaults+Extensions.swift */; };
/* End PBXBuildFile section */

/* Begin PBXFileReference section */
		8F1D68032C95D5BF0022DE36 /* DataController.swift */ = {isa = PBXFileReference; lastKnownFileType = sourcecode.swift; path = DataController.swift; sourceTree = "<group>"; };
		8F1D68062C95D7690022DE36 /* Model.xcdatamodel */ = {isa = PBXFileReference; lastKnownFileType = wrapper.xcdatamodel; path = Model.xcdatamodel; sourceTree = "<group>"; };
		8F1D68082C95E3FA0022DE36 /* TrackerStore.swift */ = {isa = PBXFileReference; lastKnownFileType = sourcecode.swift; path = TrackerStore.swift; sourceTree = "<group>"; };
		8F1D680A2C9621F40022DE36 /* Set+Extensions.swift */ = {isa = PBXFileReference; lastKnownFileType = sourcecode.swift; path = "Set+Extensions.swift"; sourceTree = "<group>"; };
		8F1D680C2C9752B10022DE36 /* TrackerCategoryStore.swift */ = {isa = PBXFileReference; lastKnownFileType = sourcecode.swift; path = TrackerCategoryStore.swift; sourceTree = "<group>"; };
		8F1D680E2C9758620022DE36 /* TrackerRecordStore.swift */ = {isa = PBXFileReference; lastKnownFileType = sourcecode.swift; path = TrackerRecordStore.swift; sourceTree = "<group>"; };
		8F57F35B2C65D94300C2A926 /* TrackersViewController.swift */ = {isa = PBXFileReference; lastKnownFileType = sourcecode.swift; path = TrackersViewController.swift; sourceTree = "<group>"; };
		8F57F35D2C65D99000C2A926 /* StatisticsViewController.swift */ = {isa = PBXFileReference; lastKnownFileType = sourcecode.swift; path = StatisticsViewController.swift; sourceTree = "<group>"; };
		8F57F35F2C65D9B000C2A926 /* TabBarController.swift */ = {isa = PBXFileReference; lastKnownFileType = sourcecode.swift; path = TabBarController.swift; sourceTree = "<group>"; };
		8F5CD44B2C648277003933B1 /* Tracker.app */ = {isa = PBXFileReference; explicitFileType = wrapper.application; includeInIndex = 0; path = Tracker.app; sourceTree = BUILT_PRODUCTS_DIR; };
		8F5CD44E2C648277003933B1 /* AppDelegate.swift */ = {isa = PBXFileReference; lastKnownFileType = sourcecode.swift; path = AppDelegate.swift; sourceTree = "<group>"; };
		8F5CD4502C648277003933B1 /* SceneDelegate.swift */ = {isa = PBXFileReference; lastKnownFileType = sourcecode.swift; path = SceneDelegate.swift; sourceTree = "<group>"; };
		8F5CD4572C648279003933B1 /* Assets.xcassets */ = {isa = PBXFileReference; lastKnownFileType = folder.assetcatalog; path = Assets.xcassets; sourceTree = "<group>"; };
		8F5CD45A2C648279003933B1 /* Base */ = {isa = PBXFileReference; lastKnownFileType = file.storyboard; name = Base; path = Base.lproj/LaunchScreen.storyboard; sourceTree = "<group>"; };
		8F5CD45C2C648279003933B1 /* Info.plist */ = {isa = PBXFileReference; lastKnownFileType = text.plist.xml; path = Info.plist; sourceTree = "<group>"; };
		8F864B152C9003940053D953 /* SelectableCell.swift */ = {isa = PBXFileReference; lastKnownFileType = sourcecode.swift; path = SelectableCell.swift; sourceTree = "<group>"; };
		8F864B172C900D3C0053D953 /* UIColor+Extensions.swift */ = {isa = PBXFileReference; lastKnownFileType = sourcecode.swift; path = "UIColor+Extensions.swift"; sourceTree = "<group>"; };
		8F864B192C9014DF0053D953 /* EmojiCell.swift */ = {isa = PBXFileReference; lastKnownFileType = sourcecode.swift; path = EmojiCell.swift; sourceTree = "<group>"; };
		8F864B1B2C9015070053D953 /* ColorCell.swift */ = {isa = PBXFileReference; lastKnownFileType = sourcecode.swift; path = ColorCell.swift; sourceTree = "<group>"; };
		8FA387922C745F310044EC39 /* TrackerCell.swift */ = {isa = PBXFileReference; lastKnownFileType = sourcecode.swift; path = TrackerCell.swift; sourceTree = "<group>"; };
		8FA387942C745FF00044EC39 /* SectionHeader.swift */ = {isa = PBXFileReference; lastKnownFileType = sourcecode.swift; path = SectionHeader.swift; sourceTree = "<group>"; };
		8FA387972C7D996B0044EC39 /* TrackerTypeViewController.swift */ = {isa = PBXFileReference; lastKnownFileType = sourcecode.swift; path = TrackerTypeViewController.swift; sourceTree = "<group>"; };
		8FA387992C7DA7EC0044EC39 /* AddTrackerFlowViewController.swift */ = {isa = PBXFileReference; lastKnownFileType = sourcecode.swift; path = AddTrackerFlowViewController.swift; sourceTree = "<group>"; };
		8FA3879B2C7E52CF0044EC39 /* NewTrackerViewController.swift */ = {isa = PBXFileReference; lastKnownFileType = sourcecode.swift; path = NewTrackerViewController.swift; sourceTree = "<group>"; };
		8FA3879D2C84723B0044EC39 /* ScheduleViewController.swift */ = {isa = PBXFileReference; lastKnownFileType = sourcecode.swift; path = ScheduleViewController.swift; sourceTree = "<group>"; };
		8FA3879F2C84A3AB0044EC39 /* BaseTableView.swift */ = {isa = PBXFileReference; lastKnownFileType = sourcecode.swift; path = BaseTableView.swift; sourceTree = "<group>"; };
		8FA387A22C84B7140044EC39 /* ScheduleCell.swift */ = {isa = PBXFileReference; lastKnownFileType = sourcecode.swift; path = ScheduleCell.swift; sourceTree = "<group>"; };
		8FA387A72C86CBC20044EC39 /* ActionButton.swift */ = {isa = PBXFileReference; lastKnownFileType = sourcecode.swift; path = ActionButton.swift; sourceTree = "<group>"; };
		8FA387A92C86DF560044EC39 /* TextCell.swift */ = {isa = PBXFileReference; lastKnownFileType = sourcecode.swift; path = TextCell.swift; sourceTree = "<group>"; };
		8FA387AB2C86DFE40044EC39 /* LinkCell.swift */ = {isa = PBXFileReference; lastKnownFileType = sourcecode.swift; path = LinkCell.swift; sourceTree = "<group>"; };
		8FD031A62C70DE0500D3AD11 /* Tracker.swift */ = {isa = PBXFileReference; lastKnownFileType = sourcecode.swift; path = Tracker.swift; sourceTree = "<group>"; };
		8FD031A82C70E78400D3AD11 /* TrackerCategory.swift */ = {isa = PBXFileReference; lastKnownFileType = sourcecode.swift; path = TrackerCategory.swift; sourceTree = "<group>"; };
		8FD031AA2C70E85600D3AD11 /* TrackerRecord.swift */ = {isa = PBXFileReference; lastKnownFileType = sourcecode.swift; path = TrackerRecord.swift; sourceTree = "<group>"; };
		8FD031AD2C70E8BB00D3AD11 /* Weekday.swift */ = {isa = PBXFileReference; lastKnownFileType = sourcecode.swift; path = Weekday.swift; sourceTree = "<group>"; };
		8FE1641C2C69E09B00C1BFD3 /* TrackersStubView.swift */ = {isa = PBXFileReference; lastKnownFileType = sourcecode.swift; path = TrackersStubView.swift; sourceTree = "<group>"; };
		8FE51C5F2C9EC8E60023965E /* CategoriesViewController.swift */ = {isa = PBXFileReference; lastKnownFileType = sourcecode.swift; path = CategoriesViewController.swift; sourceTree = "<group>"; };
		8FE51C612C9EC98A0023965E /* CategoriesViewModel.swift */ = {isa = PBXFileReference; lastKnownFileType = sourcecode.swift; path = CategoriesViewModel.swift; sourceTree = "<group>"; };
		8FE51C632C9ED9FF0023965E /* CategoryCell.swift */ = {isa = PBXFileReference; lastKnownFileType = sourcecode.swift; path = CategoryCell.swift; sourceTree = "<group>"; };
		8FE51C652C9F059B0023965E /* NewCategoryViewController.swift */ = {isa = PBXFileReference; lastKnownFileType = sourcecode.swift; path = NewCategoryViewController.swift; sourceTree = "<group>"; };
		8FE5CD912C8C3675004CCEF7 /* TrackerCellDelegate.swift */ = {isa = PBXFileReference; lastKnownFileType = sourcecode.swift; path = TrackerCellDelegate.swift; sourceTree = "<group>"; };
		8FE5CD932C8C45B1004CCEF7 /* GeometricParams.swift */ = {isa = PBXFileReference; lastKnownFileType = sourcecode.swift; path = GeometricParams.swift; sourceTree = "<group>"; };
		8FE5CD952C8C9CB6004CCEF7 /* Date+Extensions.swift */ = {isa = PBXFileReference; lastKnownFileType = sourcecode.swift; path = "Date+Extensions.swift"; sourceTree = "<group>"; };
		8FF6A4422C9DAB8C00CA8CA8 /* OnboardingPage.swift */ = {isa = PBXFileReference; lastKnownFileType = sourcecode.swift; path = OnboardingPage.swift; sourceTree = "<group>"; };
		8FF6A4442C9DCDE200CA8CA8 /* OnboardingViewController.swift */ = {isa = PBXFileReference; lastKnownFileType = sourcecode.swift; path = OnboardingViewController.swift; sourceTree = "<group>"; };
		8FF6A4482C9E122600CA8CA8 /* UserDefaults+Extensions.swift */ = {isa = PBXFileReference; lastKnownFileType = sourcecode.swift; path = "UserDefaults+Extensions.swift"; sourceTree = "<group>"; };
/* End PBXFileReference section */

/* Begin PBXFrameworksBuildPhase section */
		8F5CD4482C648277003933B1 /* Frameworks */ = {
			isa = PBXFrameworksBuildPhase;
			buildActionMask = 2147483647;
			files = (
			);
			runOnlyForDeploymentPostprocessing = 0;
		};
/* End PBXFrameworksBuildPhase section */

/* Begin PBXGroup section */
		8F1D68002C95D53B0022DE36 /* CoreData */ = {
			isa = PBXGroup;
			children = (
				8F1D68022C95D56F0022DE36 /* Store */,
				8F1D68012C95D55B0022DE36 /* Model */,
			);
			path = CoreData;
			sourceTree = "<group>";
		};
		8F1D68012C95D55B0022DE36 /* Model */ = {
			isa = PBXGroup;
			children = (
				8F1D68032C95D5BF0022DE36 /* DataController.swift */,
				8F1D68052C95D7690022DE36 /* Model.xcdatamodeld */,
			);
			path = Model;
			sourceTree = "<group>";
		};
		8F1D68022C95D56F0022DE36 /* Store */ = {
			isa = PBXGroup;
			children = (
				8F1D68082C95E3FA0022DE36 /* TrackerStore.swift */,
				8F1D680C2C9752B10022DE36 /* TrackerCategoryStore.swift */,
				8F1D680E2C9758620022DE36 /* TrackerRecordStore.swift */,
			);
			path = Store;
			sourceTree = "<group>";
		};
		8F57F3582C65D8AB00C2A926 /* TabBarController */ = {
			isa = PBXGroup;
			children = (
				8F57F35F2C65D9B000C2A926 /* TabBarController.swift */,
			);
			path = TabBarController;
			sourceTree = "<group>";
		};
		8F57F3592C65D8BB00C2A926 /* Trackers */ = {
			isa = PBXGroup;
			children = (
				8F57F35B2C65D94300C2A926 /* TrackersViewController.swift */,
				8FE1641C2C69E09B00C1BFD3 /* TrackersStubView.swift */,
				8FA387922C745F310044EC39 /* TrackerCell.swift */,
				8FE5CD912C8C3675004CCEF7 /* TrackerCellDelegate.swift */,
				8FD031A52C70DDA100D3AD11 /* Model */,
			);
			path = Trackers;
			sourceTree = "<group>";
		};
		8F57F35A2C65D8CC00C2A926 /* Statistics */ = {
			isa = PBXGroup;
			children = (
				8F57F35D2C65D99000C2A926 /* StatisticsViewController.swift */,
			);
			path = Statistics;
			sourceTree = "<group>";
		};
		8F5CD4422C648277003933B1 = {
			isa = PBXGroup;
			children = (
				8F5CD44D2C648277003933B1 /* Tracker */,
				8F5CD44C2C648277003933B1 /* Products */,
			);
			sourceTree = "<group>";
		};
		8F5CD44C2C648277003933B1 /* Products */ = {
			isa = PBXGroup;
			children = (
				8F5CD44B2C648277003933B1 /* Tracker.app */,
			);
			name = Products;
			sourceTree = "<group>";
		};
		8F5CD44D2C648277003933B1 /* Tracker */ = {
			isa = PBXGroup;
			children = (
				8F5CD44E2C648277003933B1 /* AppDelegate.swift */,
				8F5CD4502C648277003933B1 /* SceneDelegate.swift */,
				8FDE4E502C6498CD00D7BA8A /* LaunchScreen */,
				8FDE4E4F2C6498A700D7BA8A /* Resources */,
				8F57F35A2C65D8CC00C2A926 /* Statistics */,
				8F57F3592C65D8BB00C2A926 /* Trackers */,
				8FA387962C7D99160044EC39 /* NewTracker */,
				8FF6A4412C9DAB4200CA8CA8 /* Onboarding */,
				8F1D68002C95D53B0022DE36 /* CoreData */,
				8FA387A42C858AED0044EC39 /* CommonObjects */,
				8F57F3582C65D8AB00C2A926 /* TabBarController */,
				8FD031AC2C70E89000D3AD11 /* Extensions */,
				8F864B142C9002C40053D953 /* CollectionViewHelpers */,
			);
			path = Tracker;
			sourceTree = "<group>";
		};
		8F864B142C9002C40053D953 /* CollectionViewHelpers */ = {
			isa = PBXGroup;
			children = (
				8FA387942C745FF00044EC39 /* SectionHeader.swift */,
				8F864B152C9003940053D953 /* SelectableCell.swift */,
			);
			path = CollectionViewHelpers;
			sourceTree = "<group>";
		};
		8FA387962C7D99160044EC39 /* NewTracker */ = {
			isa = PBXGroup;
			children = (
				8FA387972C7D996B0044EC39 /* TrackerTypeViewController.swift */,
				8FA3879B2C7E52CF0044EC39 /* NewTrackerViewController.swift */,
				8FA387AD2C8988F70044EC39 /* Cells */,
				8FE51C5E2C9EC89B0023965E /* Categories */,
				8FA387A12C84B6F30044EC39 /* Schedule */,
			);
			path = NewTracker;
			sourceTree = "<group>";
		};
		8FA387A12C84B6F30044EC39 /* Schedule */ = {
			isa = PBXGroup;
			children = (
				8FA3879D2C84723B0044EC39 /* ScheduleViewController.swift */,
				8FA387A22C84B7140044EC39 /* ScheduleCell.swift */,
			);
			path = Schedule;
			sourceTree = "<group>";
		};
		8FA387A42C858AED0044EC39 /* CommonObjects */ = {
			isa = PBXGroup;
			children = (
				8FA387A72C86CBC20044EC39 /* ActionButton.swift */,
				8FA387992C7DA7EC0044EC39 /* AddTrackerFlowViewController.swift */,
				8FA3879F2C84A3AB0044EC39 /* BaseTableView.swift */,
				8FE5CD932C8C45B1004CCEF7 /* GeometricParams.swift */,
				8FD031AD2C70E8BB00D3AD11 /* Weekday.swift */,
			);
			path = CommonObjects;
			sourceTree = "<group>";
		};
		8FA387AD2C8988F70044EC39 /* Cells */ = {
			isa = PBXGroup;
			children = (
				8F864B1B2C9015070053D953 /* ColorCell.swift */,
				8F864B192C9014DF0053D953 /* EmojiCell.swift */,
				8FA387AB2C86DFE40044EC39 /* LinkCell.swift */,
				8FA387A92C86DF560044EC39 /* TextCell.swift */,
			);
			path = Cells;
			sourceTree = "<group>";
		};
		8FD031A52C70DDA100D3AD11 /* Model */ = {
			isa = PBXGroup;
			children = (
				8FD031A62C70DE0500D3AD11 /* Tracker.swift */,
				8FD031A82C70E78400D3AD11 /* TrackerCategory.swift */,
				8FD031AA2C70E85600D3AD11 /* TrackerRecord.swift */,
			);
			path = Model;
			sourceTree = "<group>";
		};
		8FD031AC2C70E89000D3AD11 /* Extensions */ = {
			isa = PBXGroup;
			children = (
				8FE5CD952C8C9CB6004CCEF7 /* Date+Extensions.swift */,
				8F1D680A2C9621F40022DE36 /* Set+Extensions.swift */,
				8F864B172C900D3C0053D953 /* UIColor+Extensions.swift */,
				8FF6A4482C9E122600CA8CA8 /* UserDefaults+Extensions.swift */,
			);
			path = Extensions;
			sourceTree = "<group>";
		};
		8FDE4E4F2C6498A700D7BA8A /* Resources */ = {
			isa = PBXGroup;
			children = (
				8F5CD4572C648279003933B1 /* Assets.xcassets */,
				8F5CD45C2C648279003933B1 /* Info.plist */,
			);
			path = Resources;
			sourceTree = "<group>";
		};
		8FDE4E502C6498CD00D7BA8A /* LaunchScreen */ = {
			isa = PBXGroup;
			children = (
				8F5CD4592C648279003933B1 /* LaunchScreen.storyboard */,
			);
			path = LaunchScreen;
			sourceTree = "<group>";
		};
		8FE51C5E2C9EC89B0023965E /* Categories */ = {
			isa = PBXGroup;
			children = (
				8FE51C5F2C9EC8E60023965E /* CategoriesViewController.swift */,
				8FE51C612C9EC98A0023965E /* CategoriesViewModel.swift */,
				8FE51C632C9ED9FF0023965E /* CategoryCell.swift */,
				8FE51C652C9F059B0023965E /* NewCategoryViewController.swift */,
			);
			path = Categories;
			sourceTree = "<group>";
		};
		8FF6A4412C9DAB4200CA8CA8 /* Onboarding */ = {
			isa = PBXGroup;
			children = (
				8FF6A4442C9DCDE200CA8CA8 /* OnboardingViewController.swift */,
				8FF6A4422C9DAB8C00CA8CA8 /* OnboardingPage.swift */,
			);
			path = Onboarding;
			sourceTree = "<group>";
		};
/* End PBXGroup section */

/* Begin PBXNativeTarget section */
		8F5CD44A2C648277003933B1 /* Tracker */ = {
			isa = PBXNativeTarget;
			buildConfigurationList = 8F5CD45F2C648279003933B1 /* Build configuration list for PBXNativeTarget "Tracker" */;
			buildPhases = (
				8F5CD4472C648277003933B1 /* Sources */,
				8F5CD4482C648277003933B1 /* Frameworks */,
				8F5CD4492C648277003933B1 /* Resources */,
			);
			buildRules = (
			);
			dependencies = (
			);
			name = Tracker;
			productName = Tracker;
			productReference = 8F5CD44B2C648277003933B1 /* Tracker.app */;
			productType = "com.apple.product-type.application";
		};
/* End PBXNativeTarget section */

/* Begin PBXProject section */
		8F5CD4432C648277003933B1 /* Project object */ = {
			isa = PBXProject;
			attributes = {
				BuildIndependentTargetsInParallel = 1;
				LastSwiftUpdateCheck = 1520;
				LastUpgradeCheck = 1520;
				TargetAttributes = {
					8F5CD44A2C648277003933B1 = {
						CreatedOnToolsVersion = 15.2;
					};
				};
			};
			buildConfigurationList = 8F5CD4462C648277003933B1 /* Build configuration list for PBXProject "Tracker" */;
			compatibilityVersion = "Xcode 14.0";
			developmentRegion = ru;
			hasScannedForEncodings = 0;
			knownRegions = (
				ru,
				en,
				Base,
			);
			mainGroup = 8F5CD4422C648277003933B1;
			productRefGroup = 8F5CD44C2C648277003933B1 /* Products */;
			projectDirPath = "";
			projectRoot = "";
			targets = (
				8F5CD44A2C648277003933B1 /* Tracker */,
			);
		};
/* End PBXProject section */

/* Begin PBXResourcesBuildPhase section */
		8F5CD4492C648277003933B1 /* Resources */ = {
			isa = PBXResourcesBuildPhase;
			buildActionMask = 2147483647;
			files = (
				8F5CD45B2C648279003933B1 /* LaunchScreen.storyboard in Resources */,
				8F5CD4582C648279003933B1 /* Assets.xcassets in Resources */,
			);
			runOnlyForDeploymentPostprocessing = 0;
		};
/* End PBXResourcesBuildPhase section */

/* Begin PBXSourcesBuildPhase section */
		8F5CD4472C648277003933B1 /* Sources */ = {
			isa = PBXSourcesBuildPhase;
			buildActionMask = 2147483647;
			files = (
				8FE51C602C9EC8E60023965E /* CategoriesViewController.swift in Sources */,
				8FD031A92C70E78400D3AD11 /* TrackerCategory.swift in Sources */,
				8F57F35E2C65D99000C2A926 /* StatisticsViewController.swift in Sources */,
				8FA3879E2C84723B0044EC39 /* ScheduleViewController.swift in Sources */,
				8FE5CD942C8C45B1004CCEF7 /* GeometricParams.swift in Sources */,
				8F1D680D2C9752B10022DE36 /* TrackerCategoryStore.swift in Sources */,
				8FE1641D2C69E09B00C1BFD3 /* TrackersStubView.swift in Sources */,
				8FA387A02C84A3AB0044EC39 /* BaseTableView.swift in Sources */,
				8FF6A4452C9DCDE200CA8CA8 /* OnboardingViewController.swift in Sources */,
				8F1D680B2C9621F40022DE36 /* Set+Extensions.swift in Sources */,
				8F1D68092C95E3FA0022DE36 /* TrackerStore.swift in Sources */,
				8F5CD44F2C648277003933B1 /* AppDelegate.swift in Sources */,
				8FA387932C745F310044EC39 /* TrackerCell.swift in Sources */,
				8FA387AC2C86DFE40044EC39 /* LinkCell.swift in Sources */,
				8FA387982C7D996B0044EC39 /* TrackerTypeViewController.swift in Sources */,
				8F57F3602C65D9B000C2A926 /* TabBarController.swift in Sources */,
				8FA387952C745FF00044EC39 /* SectionHeader.swift in Sources */,
				8FA387AA2C86DF560044EC39 /* TextCell.swift in Sources */,
				8FD031AB2C70E85600D3AD11 /* TrackerRecord.swift in Sources */,
				8FE51C642C9ED9FF0023965E /* CategoryCell.swift in Sources */,
				8FD031A72C70DE0500D3AD11 /* Tracker.swift in Sources */,
				8F864B162C9003940053D953 /* SelectableCell.swift in Sources */,
				8FF6A4432C9DAB8C00CA8CA8 /* OnboardingPage.swift in Sources */,
				8FE51C622C9EC98A0023965E /* CategoriesViewModel.swift in Sources */,
				8F57F35C2C65D94300C2A926 /* TrackersViewController.swift in Sources */,
				8FD031AE2C70E8BB00D3AD11 /* Weekday.swift in Sources */,
				8FA3879A2C7DA7EC0044EC39 /* AddTrackerFlowViewController.swift in Sources */,
				8FE5CD962C8C9CB6004CCEF7 /* Date+Extensions.swift in Sources */,
				8F1D68072C95D7690022DE36 /* Model.xcdatamodeld in Sources */,
				8FE5CD922C8C3675004CCEF7 /* TrackerCellDelegate.swift in Sources */,
				8FE51C662C9F059B0023965E /* NewCategoryViewController.swift in Sources */,
				8FF6A4492C9E122600CA8CA8 /* UserDefaults+Extensions.swift in Sources */,
				8F864B1C2C9015070053D953 /* ColorCell.swift in Sources */,
				8F5CD4512C648277003933B1 /* SceneDelegate.swift in Sources */,
				8F864B1A2C9014DF0053D953 /* EmojiCell.swift in Sources */,
				8FA387A32C84B7140044EC39 /* ScheduleCell.swift in Sources */,
				8F1D68042C95D5BF0022DE36 /* DataController.swift in Sources */,
				8F1D680F2C9758620022DE36 /* TrackerRecordStore.swift in Sources */,
				8FA3879C2C7E52CF0044EC39 /* NewTrackerViewController.swift in Sources */,
				8F864B182C900D3C0053D953 /* UIColor+Extensions.swift in Sources */,
				8FA387A82C86CBC20044EC39 /* ActionButton.swift in Sources */,
			);
			runOnlyForDeploymentPostprocessing = 0;
		};
/* End PBXSourcesBuildPhase section */

/* Begin PBXVariantGroup section */
		8F5CD4592C648279003933B1 /* LaunchScreen.storyboard */ = {
			isa = PBXVariantGroup;
			children = (
				8F5CD45A2C648279003933B1 /* Base */,
			);
			name = LaunchScreen.storyboard;
			sourceTree = "<group>";
		};
/* End PBXVariantGroup section */

/* Begin XCBuildConfiguration section */
		8F5CD45D2C648279003933B1 /* Debug */ = {
			isa = XCBuildConfiguration;
			buildSettings = {
				ALWAYS_SEARCH_USER_PATHS = NO;
				ASSETCATALOG_COMPILER_GENERATE_SWIFT_ASSET_SYMBOL_EXTENSIONS = YES;
				CLANG_ANALYZER_NONNULL = YES;
				CLANG_ANALYZER_NUMBER_OBJECT_CONVERSION = YES_AGGRESSIVE;
				CLANG_CXX_LANGUAGE_STANDARD = "gnu++20";
				CLANG_ENABLE_MODULES = YES;
				CLANG_ENABLE_OBJC_ARC = YES;
				CLANG_ENABLE_OBJC_WEAK = YES;
				CLANG_WARN_BLOCK_CAPTURE_AUTORELEASING = YES;
				CLANG_WARN_BOOL_CONVERSION = YES;
				CLANG_WARN_COMMA = YES;
				CLANG_WARN_CONSTANT_CONVERSION = YES;
				CLANG_WARN_DEPRECATED_OBJC_IMPLEMENTATIONS = YES;
				CLANG_WARN_DIRECT_OBJC_ISA_USAGE = YES_ERROR;
				CLANG_WARN_DOCUMENTATION_COMMENTS = YES;
				CLANG_WARN_EMPTY_BODY = YES;
				CLANG_WARN_ENUM_CONVERSION = YES;
				CLANG_WARN_INFINITE_RECURSION = YES;
				CLANG_WARN_INT_CONVERSION = YES;
				CLANG_WARN_NON_LITERAL_NULL_CONVERSION = YES;
				CLANG_WARN_OBJC_IMPLICIT_RETAIN_SELF = YES;
				CLANG_WARN_OBJC_LITERAL_CONVERSION = YES;
				CLANG_WARN_OBJC_ROOT_CLASS = YES_ERROR;
				CLANG_WARN_QUOTED_INCLUDE_IN_FRAMEWORK_HEADER = YES;
				CLANG_WARN_RANGE_LOOP_ANALYSIS = YES;
				CLANG_WARN_STRICT_PROTOTYPES = YES;
				CLANG_WARN_SUSPICIOUS_MOVE = YES;
				CLANG_WARN_UNGUARDED_AVAILABILITY = YES_AGGRESSIVE;
				CLANG_WARN_UNREACHABLE_CODE = YES;
				CLANG_WARN__DUPLICATE_METHOD_MATCH = YES;
				COPY_PHASE_STRIP = NO;
				DEBUG_INFORMATION_FORMAT = dwarf;
				ENABLE_STRICT_OBJC_MSGSEND = YES;
				ENABLE_TESTABILITY = YES;
				ENABLE_USER_SCRIPT_SANDBOXING = YES;
				GCC_C_LANGUAGE_STANDARD = gnu17;
				GCC_DYNAMIC_NO_PIC = NO;
				GCC_NO_COMMON_BLOCKS = YES;
				GCC_OPTIMIZATION_LEVEL = 0;
				GCC_PREPROCESSOR_DEFINITIONS = (
					"DEBUG=1",
					"$(inherited)",
				);
				GCC_WARN_64_TO_32_BIT_CONVERSION = YES;
				GCC_WARN_ABOUT_RETURN_TYPE = YES_ERROR;
				GCC_WARN_UNDECLARED_SELECTOR = YES;
				GCC_WARN_UNINITIALIZED_AUTOS = YES_AGGRESSIVE;
				GCC_WARN_UNUSED_FUNCTION = YES;
				GCC_WARN_UNUSED_VARIABLE = YES;
				IPHONEOS_DEPLOYMENT_TARGET = 13.4;
				LOCALIZATION_PREFERS_STRING_CATALOGS = YES;
				MTL_ENABLE_DEBUG_INFO = INCLUDE_SOURCE;
				MTL_FAST_MATH = YES;
				ONLY_ACTIVE_ARCH = YES;
				SDKROOT = iphoneos;
				SWIFT_ACTIVE_COMPILATION_CONDITIONS = "DEBUG $(inherited)";
				SWIFT_OPTIMIZATION_LEVEL = "-Onone";
			};
			name = Debug;
		};
		8F5CD45E2C648279003933B1 /* Release */ = {
			isa = XCBuildConfiguration;
			buildSettings = {
				ALWAYS_SEARCH_USER_PATHS = NO;
				ASSETCATALOG_COMPILER_GENERATE_SWIFT_ASSET_SYMBOL_EXTENSIONS = YES;
				CLANG_ANALYZER_NONNULL = YES;
				CLANG_ANALYZER_NUMBER_OBJECT_CONVERSION = YES_AGGRESSIVE;
				CLANG_CXX_LANGUAGE_STANDARD = "gnu++20";
				CLANG_ENABLE_MODULES = YES;
				CLANG_ENABLE_OBJC_ARC = YES;
				CLANG_ENABLE_OBJC_WEAK = YES;
				CLANG_WARN_BLOCK_CAPTURE_AUTORELEASING = YES;
				CLANG_WARN_BOOL_CONVERSION = YES;
				CLANG_WARN_COMMA = YES;
				CLANG_WARN_CONSTANT_CONVERSION = YES;
				CLANG_WARN_DEPRECATED_OBJC_IMPLEMENTATIONS = YES;
				CLANG_WARN_DIRECT_OBJC_ISA_USAGE = YES_ERROR;
				CLANG_WARN_DOCUMENTATION_COMMENTS = YES;
				CLANG_WARN_EMPTY_BODY = YES;
				CLANG_WARN_ENUM_CONVERSION = YES;
				CLANG_WARN_INFINITE_RECURSION = YES;
				CLANG_WARN_INT_CONVERSION = YES;
				CLANG_WARN_NON_LITERAL_NULL_CONVERSION = YES;
				CLANG_WARN_OBJC_IMPLICIT_RETAIN_SELF = YES;
				CLANG_WARN_OBJC_LITERAL_CONVERSION = YES;
				CLANG_WARN_OBJC_ROOT_CLASS = YES_ERROR;
				CLANG_WARN_QUOTED_INCLUDE_IN_FRAMEWORK_HEADER = YES;
				CLANG_WARN_RANGE_LOOP_ANALYSIS = YES;
				CLANG_WARN_STRICT_PROTOTYPES = YES;
				CLANG_WARN_SUSPICIOUS_MOVE = YES;
				CLANG_WARN_UNGUARDED_AVAILABILITY = YES_AGGRESSIVE;
				CLANG_WARN_UNREACHABLE_CODE = YES;
				CLANG_WARN__DUPLICATE_METHOD_MATCH = YES;
				COPY_PHASE_STRIP = NO;
				DEBUG_INFORMATION_FORMAT = "dwarf-with-dsym";
				ENABLE_NS_ASSERTIONS = NO;
				ENABLE_STRICT_OBJC_MSGSEND = YES;
				ENABLE_USER_SCRIPT_SANDBOXING = YES;
				GCC_C_LANGUAGE_STANDARD = gnu17;
				GCC_NO_COMMON_BLOCKS = YES;
				GCC_WARN_64_TO_32_BIT_CONVERSION = YES;
				GCC_WARN_ABOUT_RETURN_TYPE = YES_ERROR;
				GCC_WARN_UNDECLARED_SELECTOR = YES;
				GCC_WARN_UNINITIALIZED_AUTOS = YES_AGGRESSIVE;
				GCC_WARN_UNUSED_FUNCTION = YES;
				GCC_WARN_UNUSED_VARIABLE = YES;
				IPHONEOS_DEPLOYMENT_TARGET = 13.4;
				LOCALIZATION_PREFERS_STRING_CATALOGS = YES;
				MTL_ENABLE_DEBUG_INFO = NO;
				MTL_FAST_MATH = YES;
				SDKROOT = iphoneos;
				SWIFT_COMPILATION_MODE = wholemodule;
				VALIDATE_PRODUCT = YES;
			};
			name = Release;
		};
		8F5CD4602C648279003933B1 /* Debug */ = {
			isa = XCBuildConfiguration;
			buildSettings = {
				ASSETCATALOG_COMPILER_APPICON_NAME = AppIcon;
				ASSETCATALOG_COMPILER_GLOBAL_ACCENT_COLOR_NAME = AccentColor;
				CODE_SIGN_STYLE = Automatic;
				CURRENT_PROJECT_VERSION = 1;
				DEVELOPMENT_TEAM = SS97497NM5;
				GENERATE_INFOPLIST_FILE = YES;
				INFOPLIST_FILE = Tracker/Resources/Info.plist;
				INFOPLIST_KEY_UIApplicationSupportsIndirectInputEvents = YES;
				INFOPLIST_KEY_UILaunchStoryboardName = LaunchScreen;
				INFOPLIST_KEY_UISupportedInterfaceOrientations = UIInterfaceOrientationPortrait;
				IPHONEOS_DEPLOYMENT_TARGET = 13.4;
				LD_RUNPATH_SEARCH_PATHS = (
					"$(inherited)",
					"@executable_path/Frameworks",
				);
				MARKETING_VERSION = 1.0;
				PRODUCT_BUNDLE_IDENTIFIER = com.apolm.Tracker;
				PRODUCT_NAME = "$(TARGET_NAME)";
				SUPPORTED_PLATFORMS = "iphoneos iphonesimulator";
				SUPPORTS_MACCATALYST = NO;
				SUPPORTS_MAC_DESIGNED_FOR_IPHONE_IPAD = NO;
				SUPPORTS_XR_DESIGNED_FOR_IPHONE_IPAD = NO;
				SWIFT_EMIT_LOC_STRINGS = YES;
				SWIFT_VERSION = 5.0;
				TARGETED_DEVICE_FAMILY = 1;
			};
			name = Debug;
		};
		8F5CD4612C648279003933B1 /* Release */ = {
			isa = XCBuildConfiguration;
			buildSettings = {
				ASSETCATALOG_COMPILER_APPICON_NAME = AppIcon;
				ASSETCATALOG_COMPILER_GLOBAL_ACCENT_COLOR_NAME = AccentColor;
				CODE_SIGN_STYLE = Automatic;
				CURRENT_PROJECT_VERSION = 1;
				DEVELOPMENT_TEAM = SS97497NM5;
				GENERATE_INFOPLIST_FILE = YES;
				INFOPLIST_FILE = Tracker/Resources/Info.plist;
				INFOPLIST_KEY_UIApplicationSupportsIndirectInputEvents = YES;
				INFOPLIST_KEY_UILaunchStoryboardName = LaunchScreen;
				INFOPLIST_KEY_UISupportedInterfaceOrientations = UIInterfaceOrientationPortrait;
				IPHONEOS_DEPLOYMENT_TARGET = 13.4;
				LD_RUNPATH_SEARCH_PATHS = (
					"$(inherited)",
					"@executable_path/Frameworks",
				);
				MARKETING_VERSION = 1.0;
				PRODUCT_BUNDLE_IDENTIFIER = com.apolm.Tracker;
				PRODUCT_NAME = "$(TARGET_NAME)";
				SUPPORTED_PLATFORMS = "iphoneos iphonesimulator";
				SUPPORTS_MACCATALYST = NO;
				SUPPORTS_MAC_DESIGNED_FOR_IPHONE_IPAD = NO;
				SUPPORTS_XR_DESIGNED_FOR_IPHONE_IPAD = NO;
				SWIFT_EMIT_LOC_STRINGS = YES;
				SWIFT_VERSION = 5.0;
				TARGETED_DEVICE_FAMILY = 1;
			};
			name = Release;
		};
/* End XCBuildConfiguration section */

/* Begin XCConfigurationList section */
		8F5CD4462C648277003933B1 /* Build configuration list for PBXProject "Tracker" */ = {
			isa = XCConfigurationList;
			buildConfigurations = (
				8F5CD45D2C648279003933B1 /* Debug */,
				8F5CD45E2C648279003933B1 /* Release */,
			);
			defaultConfigurationIsVisible = 0;
			defaultConfigurationName = Release;
		};
		8F5CD45F2C648279003933B1 /* Build configuration list for PBXNativeTarget "Tracker" */ = {
			isa = XCConfigurationList;
			buildConfigurations = (
				8F5CD4602C648279003933B1 /* Debug */,
				8F5CD4612C648279003933B1 /* Release */,
			);
			defaultConfigurationIsVisible = 0;
			defaultConfigurationName = Release;
		};
/* End XCConfigurationList section */

/* Begin XCVersionGroup section */
		8F1D68052C95D7690022DE36 /* Model.xcdatamodeld */ = {
			isa = XCVersionGroup;
			children = (
				8F1D68062C95D7690022DE36 /* Model.xcdatamodel */,
			);
			currentVersion = 8F1D68062C95D7690022DE36 /* Model.xcdatamodel */;
			path = Model.xcdatamodeld;
			sourceTree = "<group>";
			versionGroupType = wrapper.xcdatamodel;
		};
/* End XCVersionGroup section */
	};
	rootObject = 8F5CD4432C648277003933B1 /* Project object */;
}
